
Microsoft Visual Studio Solution File, Format Version 12.00
# Visual Studio Version 16
VisualStudioVersion = 16.0.31321.278
MinimumVisualStudioVersion = 10.0.40219.1
Project("{FAE04EC0-301F-11D3-BF4B-00C04F79EFBC}") = "MemoEngineCore", "MemoEngineCore.csproj", "{0EFA8176-5A26-4C79-B369-1F2DDFA53B95}"
EndProject
Project("{2150E333-8FDC-42A3-9474-1A3956D46DE8}") = "AspNetCoreBook", "AspNetCoreBook", "{26702841-FC8A-4C0F-90D3-E51FAF0AA3CA}"
EndProject
Project("{2150E333-8FDC-42A3-9474-1A3956D46DE8}") = "01_VisualStudio", "01_VisualStudio", "{AFC2BFE0-02DC-473C-9163-4D26F81BB6E7}"
EndProject
Project("{9A19103F-16F7-4668-BE54-9A1E7A4F7556}") = "HelloWorldNetCore", "..\HelloWorldNetCore\HelloWorldNetCore.csproj", "{B0BE7B99-AA5C-4B86-B924-19E21D47509E}"
EndProject
Project("{9A19103F-16F7-4668-BE54-9A1E7A4F7556}") = "HelloWorldNetCoreWithCode", "..\HelloWorldNetCoreWithCode\HelloWorldNetCoreWithCode.csproj", "{787D1179-70BD-4A4F-8263-B58AC834CDC9}"
EndProject
Project("{2150E333-8FDC-42A3-9474-1A3956D46DE8}") = "02_AspNet", "02_AspNet", "{3B42FF0B-5517-4042-A0F9-DDFD90791F58}"
EndProject
Project("{FAE04EC0-301F-11D3-BF4B-00C04F79EFBC}") = "DevASPNET", "..\DevASPNET\DevASPNET.csproj", "{CBDC574F-0EBC-42B5-9C66-0A3B730FB057}"
EndProject
Project("{FAE04EC0-301F-11D3-BF4B-00C04F79EFBC}") = "DevHelloWorld", "..\DevHelloWorld\DevHelloWorld.csproj", "{DB0A2ACA-3FBD-4752-8B2E-D470B9F5DEF4}"
EndProject
Project("{FAE04EC0-301F-11D3-BF4B-00C04F79EFBC}") = "DevWindowsForms", "..\DevWindowsForms\DevWindowsForms.csproj", "{D745E91D-411B-40E6-A4C2-5454F67064CA}"
EndProject
Project("{FAE04EC0-301F-11D3-BF4B-00C04F79EFBC}") = "HelloWorldNetFramework", "..\HelloWorldNetFramework\HelloWorldNetFramework.csproj", "{20C1EB72-A9E5-4A5D-948A-F2B91A4D685F}"
EndProject
Global
	GlobalSection(SolutionConfigurationPlatforms) = preSolution
		Debug|Any CPU = Debug|Any CPU
		Release|Any CPU = Release|Any CPU
	EndGlobalSection
	GlobalSection(ProjectConfigurationPlatforms) = postSolution
		{0EFA8176-5A26-4C79-B369-1F2DDFA53B95}.Debug|Any CPU.ActiveCfg = Debug|Any CPU
		{0EFA8176-5A26-4C79-B369-1F2DDFA53B95}.Debug|Any CPU.Build.0 = Debug|Any CPU
		{0EFA8176-5A26-4C79-B369-1F2DDFA53B95}.Release|Any CPU.ActiveCfg = Release|Any CPU
		{0EFA8176-5A26-4C79-B369-1F2DDFA53B95}.Release|Any CPU.Build.0 = Release|Any CPU
		{B0BE7B99-AA5C-4B86-B924-19E21D47509E}.Debug|Any CPU.ActiveCfg = Debug|Any CPU
		{B0BE7B99-AA5C-4B86-B924-19E21D47509E}.Debug|Any CPU.Build.0 = Debug|Any CPU
		{B0BE7B99-AA5C-4B86-B924-19E21D47509E}.Release|Any CPU.ActiveCfg = Release|Any CPU
		{B0BE7B99-AA5C-4B86-B924-19E21D47509E}.Release|Any CPU.Build.0 = Release|Any CPU
		{787D1179-70BD-4A4F-8263-B58AC834CDC9}.Debug|Any CPU.ActiveCfg = Debug|Any CPU
		{787D1179-70BD-4A4F-8263-B58AC834CDC9}.Debug|Any CPU.Build.0 = Debug|Any CPU
		{787D1179-70BD-4A4F-8263-B58AC834CDC9}.Release|Any CPU.ActiveCfg = Release|Any CPU
		{787D1179-70BD-4A4F-8263-B58AC834CDC9}.Release|Any CPU.Build.0 = Release|Any CPU
		{CBDC574F-0EBC-42B5-9C66-0A3B730FB057}.Debug|Any CPU.ActiveCfg = Debug|Any CPU
		{CBDC574F-0EBC-42B5-9C66-0A3B730FB057}.Debug|Any CPU.Build.0 = Debug|Any CPU
		{CBDC574F-0EBC-42B5-9C66-0A3B730FB057}.Release|Any CPU.ActiveCfg = Release|Any CPU
		{CBDC574F-0EBC-42B5-9C66-0A3B730FB057}.Release|Any CPU.Build.0 = Release|Any CPU
		{DB0A2ACA-3FBD-4752-8B2E-D470B9F5DEF4}.Debug|Any CPU.ActiveCfg = Debug|Any CPU
		{DB0A2ACA-3FBD-4752-8B2E-D470B9F5DEF4}.Debug|Any CPU.Build.0 = Debug|Any CPU
		{DB0A2ACA-3FBD-4752-8B2E-D470B9F5DEF4}.Release|Any CPU.ActiveCfg = Release|Any CPU
		{DB0A2ACA-3FBD-4752-8B2E-D470B9F5DEF4}.Release|Any CPU.Build.0 = Release|Any CPU
		{D745E91D-411B-40E6-A4C2-5454F67064CA}.Debug|Any CPU.ActiveCfg = Debug|Any CPU
		{D745E91D-411B-40E6-A4C2-5454F67064CA}.Debug|Any CPU.Build.0 = Debug|Any CPU
		{D745E91D-411B-40E6-A4C2-5454F67064CA}.Release|Any CPU.ActiveCfg = Release|Any CPU
		{D745E91D-411B-40E6-A4C2-5454F67064CA}.Release|Any CPU.Build.0 = Release|Any CPU
		{20C1EB72-A9E5-4A5D-948A-F2B91A4D685F}.Debug|Any CPU.ActiveCfg = Debug|Any CPU
		{20C1EB72-A9E5-4A5D-948A-F2B91A4D685F}.Debug|Any CPU.Build.0 = Debug|Any CPU
		{20C1EB72-A9E5-4A5D-948A-F2B91A4D685F}.Release|Any CPU.ActiveCfg = Release|Any CPU
		{20C1EB72-A9E5-4A5D-948A-F2B91A4D685F}.Release|Any CPU.Build.0 = Release|Any CPU
	EndGlobalSection
	GlobalSection(SolutionProperties) = preSolution
		HideSolutionNode = FALSE
	EndGlobalSection
	GlobalSection(NestedProjects) = preSolution
		{AFC2BFE0-02DC-473C-9163-4D26F81BB6E7} = {26702841-FC8A-4C0F-90D3-E51FAF0AA3CA}
		{B0BE7B99-AA5C-4B86-B924-19E21D47509E} = {AFC2BFE0-02DC-473C-9163-4D26F81BB6E7}
		{787D1179-70BD-4A4F-8263-B58AC834CDC9} = {AFC2BFE0-02DC-473C-9163-4D26F81BB6E7}
		{3B42FF0B-5517-4042-A0F9-DDFD90791F58} = {26702841-FC8A-4C0F-90D3-E51FAF0AA3CA}
		{CBDC574F-0EBC-42B5-9C66-0A3B730FB057} = {3B42FF0B-5517-4042-A0F9-DDFD90791F58}
		{DB0A2ACA-3FBD-4752-8B2E-D470B9F5DEF4} = {3B42FF0B-5517-4042-A0F9-DDFD90791F58}
		{D745E91D-411B-40E6-A4C2-5454F67064CA} = {3B42FF0B-5517-4042-A0F9-DDFD90791F58}
		{20C1EB72-A9E5-4A5D-948A-F2B91A4D685F} = {AFC2BFE0-02DC-473C-9163-4D26F81BB6E7}
	EndGlobalSection
	GlobalSection(ExtensibilityGlobals) = postSolution
		SolutionGuid = {06AFCE72-C92B-4E8F-B964-8556F8605917}
	EndGlobalSection
EndGlobal
